
Microsoft Visual Studio Solution File, Format Version 12.00
# Visual Studio Version 17
VisualStudioVersion = 17.2.32630.192
MinimumVisualStudioVersion = 10.0.40219.1
Project("{FAE04EC0-301F-11D3-BF4B-00C04F79EFBC}") = "Day20MoodAnalyserProblem", "Day20MoodAnalyserProblem\Day20MoodAnalyserProblem.csproj", "{F220896A-C46E-46EC-8D69-B0CE455C266A}"
EndProject
Project("{FAE04EC0-301F-11D3-BF4B-00C04F79EFBC}") = "MoodAnalyserTestProject1", "MoodAnalyserTestProject1\MoodAnalyserTestProject1.csproj", "{FA2289AA-A7BF-4A71-8335-9B2E46CF4655}"
EndProject
Global
	GlobalSection(SolutionConfigurationPlatforms) = preSolution
		Debug|Any CPU = Debug|Any CPU
		Release|Any CPU = Release|Any CPU
	EndGlobalSection
	GlobalSection(ProjectConfigurationPlatforms) = postSolution
		{F220896A-C46E-46EC-8D69-B0CE455C266A}.Debug|Any CPU.ActiveCfg = Debug|Any CPU
		{F220896A-C46E-46EC-8D69-B0CE455C266A}.Debug|Any CPU.Build.0 = Debug|Any CPU
		{F220896A-C46E-46EC-8D69-B0CE455C266A}.Release|Any CPU.ActiveCfg = Release|Any CPU
		{F220896A-C46E-46EC-8D69-B0CE455C266A}.Release|Any CPU.Build.0 = Release|Any CPU
		{FA2289AA-A7BF-4A71-8335-9B2E46CF4655}.Debug|Any CPU.ActiveCfg = Debug|Any CPU
		{FA2289AA-A7BF-4A71-8335-9B2E46CF4655}.Debug|Any CPU.Build.0 = Debug|Any CPU
		{FA2289AA-A7BF-4A71-8335-9B2E46CF4655}.Release|Any CPU.ActiveCfg = Release|Any CPU
		{FA2289AA-A7BF-4A71-8335-9B2E46CF4655}.Release|Any CPU.Build.0 = Release|Any CPU
	EndGlobalSection
	GlobalSection(SolutionProperties) = preSolution
		HideSolutionNode = FALSE
	EndGlobalSection
	GlobalSection(ExtensibilityGlobals) = postSolution
		SolutionGuid = {5DA68980-DFCE-4192-B0BF-DE34CD0CF266}
	EndGlobalSection
EndGlobal
